
Microsoft Visual Studio Solution File, Format Version 12.00
# Visual Studio Version 16
VisualStudioVersion = 16.0.30114.105
MinimumVisualStudioVersion = 10.0.40219.1
Project("{2150E333-8FDC-42A3-9474-1A3956D46DE8}") = "Services", "Services", "{C503A679-8044-442B-9F16-CE5919B3CEBE}"
EndProject
Project("{2150E333-8FDC-42A3-9474-1A3956D46DE8}") = "Catalog", "Catalog", "{9D1B2439-2643-4365-87A1-A52E4492BA45}"
EndProject
Project("{9A19103F-16F7-4668-BE54-9A1E7A4F7556}") = "Catalog.API", "Services\Catalog\Catalog.API\Catalog.API.csproj", "{E44CAC16-6B30-4C86-A361-9FACBC89BB9E}"
EndProject
Project("{E53339B2-1760-4266-BCC7-CA923CBCF16C}") = "docker-compose", "docker-compose.dcproj", "{8D10CE1A-E318-4370-A14F-78DBAD7346F3}"
EndProject
Project("{2150E333-8FDC-42A3-9474-1A3956D46DE8}") = "Basket", "Basket", "{F161A5B8-39C1-434C-9D7C-7F56C31EC613}"
EndProject
Project("{9A19103F-16F7-4668-BE54-9A1E7A4F7556}") = "Basket.API", "Services\Basket\Basket.API\Basket.API.csproj", "{FB30E993-5AAD-463A-BCCA-4BEBC5ED0ED3}"
EndProject
Project("{2150E333-8FDC-42A3-9474-1A3956D46DE8}") = "Discount", "Discount", "{C2686C78-8D71-4CFA-97FA-F369EB823F86}"
EndProject
Project("{9A19103F-16F7-4668-BE54-9A1E7A4F7556}") = "Discount.API", "Services\Discount\Discount.API\Discount.API.csproj", "{44DE6E72-C3ED-4793-BCC6-F9E3694F58B0}"
EndProject
Project("{9A19103F-16F7-4668-BE54-9A1E7A4F7556}") = "Discount.gRPC", "Services\Discount\Discount.gRPC\Discount.gRPC.csproj", "{52599D7C-7C82-4F9B-81CD-3F24A0E02852}"
EndProject
Project("{2150E333-8FDC-42A3-9474-1A3956D46DE8}") = "Ordering", "Ordering", "{ECC34AFA-8895-43AB-9414-CBC5DA5CA10E}"
EndProject
Project("{FAE04EC0-301F-11D3-BF4B-00C04F79EFBC}") = "Ordering.API", "Services\Ordering\Ordering.API\Ordering.API.csproj", "{5913DCB6-3161-4DF5-B972-5A84905F6DF0}"
EndProject
Project("{FAE04EC0-301F-11D3-BF4B-00C04F79EFBC}") = "Ordering.Domain", "Services\Ordering\Ordering.Domain\Ordering.Domain.csproj", "{BBE81108-5F95-48B2-BD6B-B3C2452E9E5D}"
EndProject
Project("{FAE04EC0-301F-11D3-BF4B-00C04F79EFBC}") = "Ordering.BusinessLogic", "Services\Ordering\Ordering.BusinessLogic\Ordering.BusinessLogic.csproj", "{A63ACC0A-834C-4687-B1D1-54F71D37A20A}"
EndProject
Project("{FAE04EC0-301F-11D3-BF4B-00C04F79EFBC}") = "Ordering.Infrastructure", "Services\Ordering\Ordering.Infrastructure\Ordering.Infrastructure.csproj", "{E6163A05-025D-492A-AF37-6A1B149A9040}"
EndProject
Global
	GlobalSection(SolutionConfigurationPlatforms) = preSolution
		Debug|Any CPU = Debug|Any CPU
		Release|Any CPU = Release|Any CPU
	EndGlobalSection
	GlobalSection(ProjectConfigurationPlatforms) = postSolution
		{E44CAC16-6B30-4C86-A361-9FACBC89BB9E}.Debug|Any CPU.ActiveCfg = Debug|Any CPU
		{E44CAC16-6B30-4C86-A361-9FACBC89BB9E}.Debug|Any CPU.Build.0 = Debug|Any CPU
		{E44CAC16-6B30-4C86-A361-9FACBC89BB9E}.Release|Any CPU.ActiveCfg = Release|Any CPU
		{E44CAC16-6B30-4C86-A361-9FACBC89BB9E}.Release|Any CPU.Build.0 = Release|Any CPU
		{8D10CE1A-E318-4370-A14F-78DBAD7346F3}.Debug|Any CPU.ActiveCfg = Debug|Any CPU
		{8D10CE1A-E318-4370-A14F-78DBAD7346F3}.Debug|Any CPU.Build.0 = Debug|Any CPU
		{8D10CE1A-E318-4370-A14F-78DBAD7346F3}.Release|Any CPU.ActiveCfg = Release|Any CPU
		{8D10CE1A-E318-4370-A14F-78DBAD7346F3}.Release|Any CPU.Build.0 = Release|Any CPU
		{FB30E993-5AAD-463A-BCCA-4BEBC5ED0ED3}.Debug|Any CPU.ActiveCfg = Debug|Any CPU
		{FB30E993-5AAD-463A-BCCA-4BEBC5ED0ED3}.Debug|Any CPU.Build.0 = Debug|Any CPU
		{FB30E993-5AAD-463A-BCCA-4BEBC5ED0ED3}.Release|Any CPU.ActiveCfg = Release|Any CPU
		{FB30E993-5AAD-463A-BCCA-4BEBC5ED0ED3}.Release|Any CPU.Build.0 = Release|Any CPU
		{44DE6E72-C3ED-4793-BCC6-F9E3694F58B0}.Debug|Any CPU.ActiveCfg = Debug|Any CPU
		{44DE6E72-C3ED-4793-BCC6-F9E3694F58B0}.Debug|Any CPU.Build.0 = Debug|Any CPU
		{44DE6E72-C3ED-4793-BCC6-F9E3694F58B0}.Release|Any CPU.ActiveCfg = Release|Any CPU
		{44DE6E72-C3ED-4793-BCC6-F9E3694F58B0}.Release|Any CPU.Build.0 = Release|Any CPU
		{52599D7C-7C82-4F9B-81CD-3F24A0E02852}.Debug|Any CPU.ActiveCfg = Debug|Any CPU
		{52599D7C-7C82-4F9B-81CD-3F24A0E02852}.Debug|Any CPU.Build.0 = Debug|Any CPU
		{52599D7C-7C82-4F9B-81CD-3F24A0E02852}.Release|Any CPU.ActiveCfg = Release|Any CPU
		{52599D7C-7C82-4F9B-81CD-3F24A0E02852}.Release|Any CPU.Build.0 = Release|Any CPU
		{5913DCB6-3161-4DF5-B972-5A84905F6DF0}.Debug|Any CPU.ActiveCfg = Debug|Any CPU
		{5913DCB6-3161-4DF5-B972-5A84905F6DF0}.Debug|Any CPU.Build.0 = Debug|Any CPU
		{5913DCB6-3161-4DF5-B972-5A84905F6DF0}.Release|Any CPU.ActiveCfg = Release|Any CPU
		{5913DCB6-3161-4DF5-B972-5A84905F6DF0}.Release|Any CPU.Build.0 = Release|Any CPU
		{BBE81108-5F95-48B2-BD6B-B3C2452E9E5D}.Debug|Any CPU.ActiveCfg = Debug|Any CPU
		{BBE81108-5F95-48B2-BD6B-B3C2452E9E5D}.Debug|Any CPU.Build.0 = Debug|Any CPU
		{BBE81108-5F95-48B2-BD6B-B3C2452E9E5D}.Release|Any CPU.ActiveCfg = Release|Any CPU
		{BBE81108-5F95-48B2-BD6B-B3C2452E9E5D}.Release|Any CPU.Build.0 = Release|Any CPU
		{A63ACC0A-834C-4687-B1D1-54F71D37A20A}.Debug|Any CPU.ActiveCfg = Debug|Any CPU
		{A63ACC0A-834C-4687-B1D1-54F71D37A20A}.Debug|Any CPU.Build.0 = Debug|Any CPU
		{A63ACC0A-834C-4687-B1D1-54F71D37A20A}.Release|Any CPU.ActiveCfg = Release|Any CPU
		{A63ACC0A-834C-4687-B1D1-54F71D37A20A}.Release|Any CPU.Build.0 = Release|Any CPU
		{E6163A05-025D-492A-AF37-6A1B149A9040}.Debug|Any CPU.ActiveCfg = Debug|Any CPU
		{E6163A05-025D-492A-AF37-6A1B149A9040}.Debug|Any CPU.Build.0 = Debug|Any CPU
		{E6163A05-025D-492A-AF37-6A1B149A9040}.Release|Any CPU.ActiveCfg = Release|Any CPU
		{E6163A05-025D-492A-AF37-6A1B149A9040}.Release|Any CPU.Build.0 = Release|Any CPU
	EndGlobalSection
	GlobalSection(SolutionProperties) = preSolution
		HideSolutionNode = FALSE
	EndGlobalSection
	GlobalSection(NestedProjects) = preSolution
		{9D1B2439-2643-4365-87A1-A52E4492BA45} = {C503A679-8044-442B-9F16-CE5919B3CEBE}
		{E44CAC16-6B30-4C86-A361-9FACBC89BB9E} = {9D1B2439-2643-4365-87A1-A52E4492BA45}
		{F161A5B8-39C1-434C-9D7C-7F56C31EC613} = {C503A679-8044-442B-9F16-CE5919B3CEBE}
		{FB30E993-5AAD-463A-BCCA-4BEBC5ED0ED3} = {F161A5B8-39C1-434C-9D7C-7F56C31EC613}
		{C2686C78-8D71-4CFA-97FA-F369EB823F86} = {C503A679-8044-442B-9F16-CE5919B3CEBE}
		{44DE6E72-C3ED-4793-BCC6-F9E3694F58B0} = {C2686C78-8D71-4CFA-97FA-F369EB823F86}
		{52599D7C-7C82-4F9B-81CD-3F24A0E02852} = {C2686C78-8D71-4CFA-97FA-F369EB823F86}
		{ECC34AFA-8895-43AB-9414-CBC5DA5CA10E} = {C503A679-8044-442B-9F16-CE5919B3CEBE}
		{5913DCB6-3161-4DF5-B972-5A84905F6DF0} = {ECC34AFA-8895-43AB-9414-CBC5DA5CA10E}
		{BBE81108-5F95-48B2-BD6B-B3C2452E9E5D} = {ECC34AFA-8895-43AB-9414-CBC5DA5CA10E}
		{A63ACC0A-834C-4687-B1D1-54F71D37A20A} = {ECC34AFA-8895-43AB-9414-CBC5DA5CA10E}
		{E6163A05-025D-492A-AF37-6A1B149A9040} = {ECC34AFA-8895-43AB-9414-CBC5DA5CA10E}
	EndGlobalSection
	GlobalSection(ExtensibilityGlobals) = postSolution
		SolutionGuid = {9CFBA793-64C0-4C50-885E-E2D268151838}
	EndGlobalSection
EndGlobal
